{
  "version": 4,
  "terraform_version": "1.0.10",
  "serial": 46,
  "lineage": "059fd9a6-b68e-d53f-b4f2-ca1f7968eb92",
  "outputs": {},
  "resources": [
    {
      "mode": "managed",
      "type": "aws_kms_key",
      "name": "mykey",
      "provider": "provider[\"registry.terraform.io/hashicorp/aws\"]",
      "instances": [
        {
          "schema_version": 0,
          "attributes": {
            "arn": "arn:aws:kms:us-east-1:589187797503:key/0babcad5-b6a2-44fe-8d7d-16f7bb3cf55d",
            "bypass_policy_lockout_safety_check": false,
            "customer_master_key_spec": "SYMMETRIC_DEFAULT",
            "deletion_window_in_days": 10,
            "description": "This key is used to encrypt bucket objects",
            "enable_key_rotation": false,
            "id": "0babcad5-b6a2-44fe-8d7d-16f7bb3cf55d",
            "is_enabled": true,
            "key_id": "0babcad5-b6a2-44fe-8d7d-16f7bb3cf55d",
            "key_usage": "ENCRYPT_DECRYPT",
            "multi_region": false,
            "policy": "{\"Id\":\"key-default-1\",\"Statement\":[{\"Action\":\"kms:*\",\"Effect\":\"Allow\",\"Principal\":{\"AWS\":\"arn:aws:iam::589187797503:root\"},\"Resource\":\"*\",\"Sid\":\"Enable IAM User Permissions\"}],\"Version\":\"2012-10-17\"}",
            "tags": {},
            "tags_all": {}
          },
          "sensitive_attributes": [],
          "private": "bnVsbA=="
        }
      ]
    },
    {
      "mode": "managed",
      "type": "aws_s3_bucket",
      "name": "log_bucket",
      "provider": "provider[\"registry.terraform.io/hashicorp/aws\"]",
      "instances": [
        {
          "schema_version": 0,
          "attributes": {
            "acceleration_status": "",
            "acl": "log-delivery-write",
            "arn": "arn:aws:s3:::my-tf-log-bucket123",
            "bucket": "my-tf-log-bucket123",
            "bucket_domain_name": "my-tf-log-bucket123.s3.amazonaws.com",
            "bucket_prefix": null,
            "bucket_regional_domain_name": "my-tf-log-bucket123.s3.amazonaws.com",
            "cors_rule": [],
            "force_destroy": false,
            "grant": [],
            "hosted_zone_id": "Z3AQBSTGFYJSTF",
            "id": "my-tf-log-bucket123",
            "lifecycle_rule": [],
            "logging": [],
            "object_lock_configuration": [],
            "policy": null,
            "region": "us-east-1",
            "replication_configuration": [],
            "request_payer": "BucketOwner",
            "server_side_encryption_configuration": [],
            "tags": {},
            "tags_all": {},
            "versioning": [
              {
                "enabled": false,
                "mfa_delete": false
              }
            ],
            "website": [],
            "website_domain": null,
            "website_endpoint": null
          },
          "sensitive_attributes": [],
          "private": "bnVsbA=="
        }
      ]
    },
    {
      "mode": "managed",
      "type": "aws_s3_bucket",
      "name": "suresh",
      "provider": "provider[\"registry.terraform.io/hashicorp/aws\"]",
      "instances": [
        {
          "schema_version": 0,
          "attributes": {
            "acceleration_status": "",
            "acl": "private",
            "arn": "arn:aws:s3:::my-bucket12345-suresh",
            "bucket": "my-bucket12345-suresh",
            "bucket_domain_name": "my-bucket12345-suresh.s3.amazonaws.com",
            "bucket_prefix": null,
            "bucket_regional_domain_name": "my-bucket12345-suresh.s3.amazonaws.com",
            "cors_rule": [],
            "force_destroy": false,
            "grant": [],
            "hosted_zone_id": "Z3AQBSTGFYJSTF",
            "id": "my-bucket12345-suresh",
            "lifecycle_rule": [
              {
                "abort_incomplete_multipart_upload_days": 0,
                "enabled": true,
                "expiration": [
                  {
                    "date": "",
                    "days": 90,
                    "expired_object_delete_marker": false
                  }
                ],
                "id": "log",
                "noncurrent_version_expiration": [],
                "noncurrent_version_transition": [],
                "prefix": "log/",
                "tags": {
                  "autoclean": "true",
                  "rule": "log"
                },
                "transition": [
                  {
                    "date": "",
                    "days": 30,
                    "storage_class": "STANDARD_IA"
                  },
                  {
                    "date": "",
                    "days": 60,
                    "storage_class": "GLACIER"
                  }
                ]
              },
              {
                "abort_incomplete_multipart_upload_days": 0,
                "enabled": true,
                "expiration": [
                  {
                    "date": "2016-01-12",
                    "days": 0,
                    "expired_object_delete_marker": false
                  }
                ],
                "id": "tmp",
                "noncurrent_version_expiration": [],
                "noncurrent_version_transition": [],
                "prefix": "tmp/",
                "tags": {},
                "transition": []
              }
            ],
            "logging": [
              {
                "target_bucket": "my-tf-log-bucket123",
                "target_prefix": "log/"
              }
            ],
            "object_lock_configuration": [],
            "policy": null,
            "region": "us-east-1",
            "replication_configuration": [],
            "request_payer": "BucketOwner",
            "server_side_encryption_configuration": [
              {
                "rule": [
                  {
                    "apply_server_side_encryption_by_default": [
                      {
                        "kms_master_key_id": "arn:aws:kms:us-east-1:589187797503:key/0babcad5-b6a2-44fe-8d7d-16f7bb3cf55d",
                        "sse_algorithm": "aws:kms"
                      }
                    ],
                    "bucket_key_enabled": false
                  }
                ]
              }
            ],
            "tags": {},
            "tags_all": {},
            "versioning": [
              {
                "enabled": true,
                "mfa_delete": false
              }
            ],
            "website": [
              {
                "error_document": "error.html",
                "index_document": "index.html",
                "redirect_all_requests_to": "",
                "routing_rules": "[{\"Condition\":{\"KeyPrefixEquals\":\"docs/\"},\"Redirect\":{\"ReplaceKeyPrefixWith\":\"documents/\"}}]"
              }
            ],
            "website_domain": "s3-website-us-east-1.amazonaws.com",
            "website_endpoint": "my-bucket12345-suresh.s3-website-us-east-1.amazonaws.com"
          },
          "sensitive_attributes": [],
          "private": "bnVsbA==",
          "dependencies": [
            "aws_kms_key.mykey",
            "aws_s3_bucket.log_bucket"
          ]
        }
      ]
    },
    {
      "mode": "managed",
      "type": "aws_s3_bucket_policy",
      "name": "suresh",
      "provider": "provider[\"registry.terraform.io/hashicorp/aws\"]",
      "instances": [
        {
          "schema_version": 0,
          "attributes": {
            "bucket": "my-bucket12345-suresh",
            "id": "my-bucket12345-suresh",
            "policy": "{\"Version\":\"2012-10-17\",\"Id\":\"MYBUCKETPOLICY\",\"Statement\":[{\"Sid\":\"IPAllow\",\"Effect\":\"Deny\",\"Principal\":\"*\",\"Action\":\"s3:*\",\"Resource\":\"arn:aws:s3:::my-bucket12345-suresh/*\",\"Condition\":{\"NotIpAddress\":{\"aws:SourceIp\":\"192.168.4.5/32\"}}}]}"
          },
          "sensitive_attributes": [],
          "private": "bnVsbA==",
          "dependencies": [
            "aws_s3_bucket.log_bucket",
            "aws_s3_bucket.suresh",
            "aws_kms_key.mykey"
          ]
        }
      ]
    }
  ]
}
